
Microsoft Visual Studio Solution File, Format Version 12.00
# Visual Studio 2012
Project("{FAE04EC0-301F-11D3-BF4B-00C04F79EFBC}") = "MojaPasieka", "MojaPasieka\MojaPasieka.csproj", "{45BED545-C2D5-4024-A2BF-B9020785379B}"
EndProject
Project("{FAE04EC0-301F-11D3-BF4B-00C04F79EFBC}") = "MojaPasieka.Droid", "Droid\MojaPasieka.Droid.csproj", "{4E901ACF-5B0E-4254-BB64-292057558CF7}"
EndProject
Project("{FAE04EC0-301F-11D3-BF4B-00C04F79EFBC}") = "Tests", "Tests\Tests.csproj", "{164BA978-F2E1-48E6-8480-3881F57F13DD}"
EndProject
Global
	GlobalSection(SolutionConfigurationPlatforms) = preSolution
		Debug|Any CPU = Debug|Any CPU
		Release|Any CPU = Release|Any CPU
	EndGlobalSection
	GlobalSection(ProjectConfigurationPlatforms) = postSolution
		{45BED545-C2D5-4024-A2BF-B9020785379B}.Debug|Any CPU.ActiveCfg = Debug|Any CPU
		{45BED545-C2D5-4024-A2BF-B9020785379B}.Debug|Any CPU.Build.0 = Debug|Any CPU
		{45BED545-C2D5-4024-A2BF-B9020785379B}.Release|Any CPU.ActiveCfg = Release|Any CPU
		{45BED545-C2D5-4024-A2BF-B9020785379B}.Release|Any CPU.Build.0 = Release|Any CPU
		{4E901ACF-5B0E-4254-BB64-292057558CF7}.Debug|Any CPU.ActiveCfg = Debug|Any CPU
		{4E901ACF-5B0E-4254-BB64-292057558CF7}.Debug|Any CPU.Build.0 = Debug|Any CPU
		{4E901ACF-5B0E-4254-BB64-292057558CF7}.Release|Any CPU.ActiveCfg = Release|Any CPU
		{4E901ACF-5B0E-4254-BB64-292057558CF7}.Release|Any CPU.Build.0 = Release|Any CPU
		{164BA978-F2E1-48E6-8480-3881F57F13DD}.Debug|Any CPU.ActiveCfg = Debug|Any CPU
		{164BA978-F2E1-48E6-8480-3881F57F13DD}.Debug|Any CPU.Build.0 = Debug|Any CPU
		{164BA978-F2E1-48E6-8480-3881F57F13DD}.Release|Any CPU.ActiveCfg = Release|Any CPU
		{164BA978-F2E1-48E6-8480-3881F57F13DD}.Release|Any CPU.Build.0 = Release|Any CPU
	EndGlobalSection
EndGlobal
